
Microsoft Visual Studio Solution File, Format Version 12.00
# Visual Studio Version 17
VisualStudioVersion = 17.0.31903.59
MinimumVisualStudioVersion = 10.0.40219.1
Project("{FAE04EC0-301F-11D3-BF4B-00C04F79EFBC}") = "CarCareHybrid", "CarCareHybrid\CarCareHybrid.csproj", "{6383C0A9-2899-45A9-95F5-DC4195182492}"
EndProject
Project("{FAE04EC0-301F-11D3-BF4B-00C04F79EFBC}") = "CarCareHybrid.Shared", "CarCareHybrid.Shared\CarCareHybrid.Shared.csproj", "{322E3BEE-3FEE-4597-9717-7D14C19BD422}"
EndProject
Project("{FAE04EC0-301F-11D3-BF4B-00C04F79EFBC}") = "CarCareHybrid.Backend", "CarCareHybrid.Backend\CarCareHybrid.Backend.csproj", "{B3C83B40-751E-44A4-8CF0-BA24068616EE}"
EndProject
Global
	GlobalSection(SolutionConfigurationPlatforms) = preSolution
		Debug|Any CPU = Debug|Any CPU
		Debug|x64 = Debug|x64
		Debug|x86 = Debug|x86
		Release|Any CPU = Release|Any CPU
		Release|x64 = Release|x64
		Release|x86 = Release|x86
	EndGlobalSection
	GlobalSection(ProjectConfigurationPlatforms) = postSolution
		{6383C0A9-2899-45A9-95F5-DC4195182492}.Debug|Any CPU.ActiveCfg = Debug|Any CPU
		{6383C0A9-2899-45A9-95F5-DC4195182492}.Debug|Any CPU.Build.0 = Debug|Any CPU
		{6383C0A9-2899-45A9-95F5-DC4195182492}.Debug|x64.ActiveCfg = Debug|Any CPU
		{6383C0A9-2899-45A9-95F5-DC4195182492}.Debug|x64.Build.0 = Debug|Any CPU
		{6383C0A9-2899-45A9-95F5-DC4195182492}.Debug|x86.ActiveCfg = Debug|Any CPU
		{6383C0A9-2899-45A9-95F5-DC4195182492}.Debug|x86.Build.0 = Debug|Any CPU
		{6383C0A9-2899-45A9-95F5-DC4195182492}.Release|Any CPU.ActiveCfg = Release|Any CPU
		{6383C0A9-2899-45A9-95F5-DC4195182492}.Release|Any CPU.Build.0 = Release|Any CPU
		{6383C0A9-2899-45A9-95F5-DC4195182492}.Release|x64.ActiveCfg = Release|Any CPU
		{6383C0A9-2899-45A9-95F5-DC4195182492}.Release|x64.Build.0 = Release|Any CPU
		{6383C0A9-2899-45A9-95F5-DC4195182492}.Release|x86.ActiveCfg = Release|Any CPU
		{6383C0A9-2899-45A9-95F5-DC4195182492}.Release|x86.Build.0 = Release|Any CPU
		{322E3BEE-3FEE-4597-9717-7D14C19BD422}.Debug|Any CPU.ActiveCfg = Debug|Any CPU
		{322E3BEE-3FEE-4597-9717-7D14C19BD422}.Debug|Any CPU.Build.0 = Debug|Any CPU
		{322E3BEE-3FEE-4597-9717-7D14C19BD422}.Debug|x64.ActiveCfg = Debug|Any CPU
		{322E3BEE-3FEE-4597-9717-7D14C19BD422}.Debug|x64.Build.0 = Debug|Any CPU
		{322E3BEE-3FEE-4597-9717-7D14C19BD422}.Debug|x86.ActiveCfg = Debug|Any CPU
		{322E3BEE-3FEE-4597-9717-7D14C19BD422}.Debug|x86.Build.0 = Debug|Any CPU
		{322E3BEE-3FEE-4597-9717-7D14C19BD422}.Release|Any CPU.ActiveCfg = Release|Any CPU
		{322E3BEE-3FEE-4597-9717-7D14C19BD422}.Release|Any CPU.Build.0 = Release|Any CPU
		{322E3BEE-3FEE-4597-9717-7D14C19BD422}.Release|x64.ActiveCfg = Release|Any CPU
		{322E3BEE-3FEE-4597-9717-7D14C19BD422}.Release|x64.Build.0 = Release|Any CPU
		{322E3BEE-3FEE-4597-9717-7D14C19BD422}.Release|x86.ActiveCfg = Release|Any CPU
		{322E3BEE-3FEE-4597-9717-7D14C19BD422}.Release|x86.Build.0 = Release|Any CPU
		{B3C83B40-751E-44A4-8CF0-BA24068616EE}.Debug|Any CPU.ActiveCfg = Debug|Any CPU
		{B3C83B40-751E-44A4-8CF0-BA24068616EE}.Debug|Any CPU.Build.0 = Debug|Any CPU
		{B3C83B40-751E-44A4-8CF0-BA24068616EE}.Debug|x64.ActiveCfg = Debug|Any CPU
		{B3C83B40-751E-44A4-8CF0-BA24068616EE}.Debug|x64.Build.0 = Debug|Any CPU
		{B3C83B40-751E-44A4-8CF0-BA24068616EE}.Debug|x86.ActiveCfg = Debug|Any CPU
		{B3C83B40-751E-44A4-8CF0-BA24068616EE}.Debug|x86.Build.0 = Debug|Any CPU
		{B3C83B40-751E-44A4-8CF0-BA24068616EE}.Release|Any CPU.ActiveCfg = Release|Any CPU
		{B3C83B40-751E-44A4-8CF0-BA24068616EE}.Release|Any CPU.Build.0 = Release|Any CPU
		{B3C83B40-751E-44A4-8CF0-BA24068616EE}.Release|x64.ActiveCfg = Release|Any CPU
		{B3C83B40-751E-44A4-8CF0-BA24068616EE}.Release|x64.Build.0 = Release|Any CPU
		{B3C83B40-751E-44A4-8CF0-BA24068616EE}.Release|x86.ActiveCfg = Release|Any CPU
		{B3C83B40-751E-44A4-8CF0-BA24068616EE}.Release|x86.Build.0 = Release|Any CPU
	EndGlobalSection
	GlobalSection(SolutionProperties) = preSolution
		HideSolutionNode = FALSE
	EndGlobalSection
EndGlobal
